{
  "name": "vanilla-js-tabs",
  "version": "1.0.4",
  "lockfileVersion": 1,
  "requires": true,
  "dependencies": {
    "@babel/core": {
      "version": "7.8.4",
      "resolved": "https://registry.npmjs.org/@babel/core/-/core-7.8.4.tgz",
      "integrity": "sha512-0LiLrB2PwrVI+a2/IEskBopDYSd8BCb3rOvH7D5tzoWd696TBEduBvuLVm4Nx6rltrLZqvI3MCalB2K2aVzQjA==",
      "dev": true
    },
    "@babel/preset-env": {
      "version": "7.8.4",
      "resolved": "https://registry.npmjs.org/@babel/preset-env/-/preset-env-7.8.4.tgz",
      "integrity": "sha512-HihCgpr45AnSOHRbS5cWNTINs0TwaR8BS8xIIH+QwiW8cKL0llV91njQMpeMReEPVs+1Ao0x3RLEBLtt1hOq4w==",
      "dev": true
    },
    "acorn": {
      "version": "6.4.1",
      "resolved": "https://registry.npmjs.org/acorn/-/acorn-6.4.1.tgz",
      "integrity": "sha512-ZVA9k326Nwrj3Cj9jlh3wGFutC2ZornPNARZwsNYqQYgN0EsV2d53w5RN/co65Ohn4sUAUtb1rSUAOD6XN9idA==",
      "dev": true
    },
    "browserify": {
      "version": "16.5.0",
      "resolved": "https://registry.npmjs.org/browserify/-/browserify-16.5.0.tgz",
      "integrity": "sha512-6bfI3cl76YLAnCZ75AGu/XPOsqUhRyc0F/olGIJeCxtfxF2HvPKEcmjU9M8oAPxl4uBY1U7Nry33Q6koV3f2iw==",
      "dev": true
    },
    "c2-event-handler": {
      "version": "2.5.2",
      "resolved": "https://registry.npmjs.org/c2-event-handler/-/c2-event-handler-2.5.2.tgz",
      "integrity": "sha1-Jmp7JqTPHu8JDhe1stkNt8abDl0="
    },
    "rollup": {
      "version": "1.31.0",
      "resolved": "https://registry.npmjs.org/rollup/-/rollup-1.31.0.tgz",
      "integrity": "sha512-9C6ovSyNeEwvuRuUUmsTpJcXac1AwSL1a3x+O5lpmQKZqi5mmrjauLeqIjvREC+yNRR8fPdzByojDng+af3nVw==",
      "dev": true,
      "dependencies": {
        "acorn": {
          "version": "7.1.0",
          "resolved": "https://registry.npmjs.org/acorn/-/acorn-7.1.0.tgz",
          "integrity": "sha512-kL5CuoXA/dgxlBbVrflsflzQ3PAas7RYZB52NOm/6839iVYJgKMJ3cQJD+t2i5+qFa8h3MDpEOJiS64E8JLnSQ=="
        }
      }
    },
    "rollup-plugin-babel": {
      "version": "4.3.3",
      "resolved": "https://registry.npmjs.org/rollup-plugin-babel/-/rollup-plugin-babel-4.3.3.tgz",
      "integrity": "sha512-tKzWOCmIJD/6aKNz0H1GMM+lW1q9KyFubbWzGiOG540zxPPifnEAHTZwjo0g991Y+DyOZcLqBgqOdqazYE5fkw==",
      "dev": true
    },
    "rollup-plugin-commonjs": {
      "version": "10.1.0",
      "resolved": "https://registry.npmjs.org/rollup-plugin-commonjs/-/rollup-plugin-commonjs-10.1.0.tgz",
      "integrity": "sha512-jlXbjZSQg8EIeAAvepNwhJj++qJWNJw1Cl0YnOqKtP5Djx+fFGkp3WRh+W0ASCaFG5w1jhmzDxgu3SJuVxPF4Q==",
      "dev": true
    },
    "rollup-plugin-node-resolve": {
      "version": "5.2.0",
      "resolved": "https://registry.npmjs.org/rollup-plugin-node-resolve/-/rollup-plugin-node-resolve-5.2.0.tgz",
      "integrity": "sha512-jUlyaDXts7TW2CqQ4GaO5VJ4PwwaV8VUGA7+km3n6k6xtOEacf61u0VXwN80phY/evMcaS+9eIeJ9MOyDxt5Zw==",
      "dev": true
    }
  }
}
